{
  "pins" : [
    {
      "identity" : "apple-toolbox",
      "kind" : "remoteSourceControl",
      "location" : "https://github.com/duckduckgo/apple-toolbox.git",
      "state" : {
        "revision" : "0c13c5f056805f2d403618ccc3bfb833c303c68d",
        "version" : "3.1.2"
      }
    },
    {
      "identity" : "barebonesbrowser",
      "kind" : "remoteSourceControl",
      "location" : "https://github.com/duckduckgo/BareBonesBrowser.git",
      "state" : {
        "revision" : "31e5bfedc3c2ca005640c4bf2b6959d69b0e18b9",
        "version" : "0.1.0"
      }
    },
    {
      "identity" : "bloom_cpp",
      "kind" : "remoteSourceControl",
      "location" : "https://github.com/duckduckgo/bloom_cpp.git",
      "state" : {
        "revision" : "8076199456290b61b4544bf2f4caf296759906a0",
        "version" : "3.0.0"
      }
    },
    {
      "identity" : "browserserviceskit",
      "kind" : "remoteSourceControl",
      "location" : "https://github.com/DuckDuckGo/BrowserServicesKit.git",
      "state" : {
        "revision" : "7356a39ecc21ec36cb1006a6cdacdae48fe1eaae",
        "version" : "236.1.0"
      }
    },
    {
      "identity" : "content-scope-scripts",
      "kind" : "remoteSourceControl",
      "location" : "https://github.com/duckduckgo/content-scope-scripts",
      "state" : {
        "revision" : "1876d68142cf4f9abfaaee235a015d287eb71226",
        "version" : "7.17.0"
      }
    },
    {
      "identity" : "designresourceskit",
      "kind" : "remoteSourceControl",
      "location" : "https://github.com/duckduckgo/DesignResourcesKit",
      "state" : {
        "revision" : "a35414a0b07da7fb79255370edfe845b7a22558c",
        "version" : "3.3.1"
      }
    },
    {
      "identity" : "duckduckgo-autofill",
      "kind" : "remoteSourceControl",
      "location" : "https://github.com/duckduckgo/duckduckgo-autofill.git",
      "state" : {
        "revision" : "676d42679296a175169e433f2332e55644151edd",
        "version" : "16.2.0"
      }
    },
    {
      "identity" : "grdb.swift",
      "kind" : "remoteSourceControl",
      "location" : "https://github.com/duckduckgo/GRDB.swift.git",
      "state" : {
        "revision" : "5b2f6a81099d26ae0f9e38788f51490cd6a4b202",
        "version" : "2.4.2"
      }
    },
    {
      "identity" : "gzipswift",
      "kind" : "remoteSourceControl",
      "location" : "https://github.com/1024jp/GzipSwift.git",
      "state" : {
        "revision" : "731037f6cc2be2ec01562f6597c1d0aa3fe6fd05",
        "version" : "6.0.1"
      }
    },
    {
      "identity" : "ios-js-support",
      "kind" : "remoteSourceControl",
      "location" : "https://github.com/duckduckgo/ios-js-support",
      "state" : {
        "revision" : "6a6789ac8104a587316c58af75539753853b50d9",
        "version" : "2.0.0"
      }
    },
    {
      "identity" : "jwt-kit",
      "kind" : "remoteSourceControl",
      "location" : "https://github.com/vapor/jwt-kit.git",
      "state" : {
        "revision" : "c2595b9ad7f512d7f334830b4df1fed6e917946a",
        "version" : "4.13.4"
      }
    },
    {
      "identity" : "kingfisher",
      "kind" : "remoteSourceControl",
      "location" : "https://github.com/onevcat/Kingfisher.git",
      "state" : {
        "revision" : "2ef543ee21d63734e1c004ad6c870255e8716c50",
        "version" : "7.12.0"
      }
    },
    {
      "identity" : "lottie-spm",
      "kind" : "remoteSourceControl",
      "location" : "https://github.com/airbnb/lottie-spm.git",
      "state" : {
        "revision" : "1d29eccc24cc8b75bff9f6804155112c0ffc9605",
        "version" : "4.4.3"
      }
    },
    {
      "identity" : "ohhttpstubs",
      "kind" : "remoteSourceControl",
      "location" : "https://github.com/AliSoftware/OHHTTPStubs.git",
      "state" : {
        "revision" : "12f19662426d0434d6c330c6974d53e2eb10ecd9",
        "version" : "9.1.0"
      }
    },
    {
      "identity" : "privacy-dashboard",
      "kind" : "remoteSourceControl",
      "location" : "https://github.com/duckduckgo/privacy-dashboard",
      "state" : {
        "revision" : "099f7ed5faac946e4d80746703aaaf87fdfbee09",
        "version" : "8.3.0"
      }
    },
    {
      "identity" : "punycodeswift",
      "kind" : "remoteSourceControl",
      "location" : "https://github.com/gumob/PunycodeSwift.git",
      "state" : {
        "revision" : "30a462bdb4398ea835a3585472229e0d74b36ba5",
        "version" : "3.0.0"
      }
    },
    {
      "identity" : "swift-argument-parser",
      "kind" : "remoteSourceControl",
      "location" : "https://github.com/apple/swift-argument-parser.git",
      "state" : {
        "revision" : "0fbc8848e389af3bb55c182bc19ca9d5dc2f255b",
        "version" : "1.4.0"
      }
    },
    {
      "identity" : "swift-asn1",
      "kind" : "remoteSourceControl",
      "location" : "https://github.com/apple/swift-asn1.git",
      "state" : {
        "revision" : "ae33e5941bb88d88538d0a6b19ca0b01e6c76dcf",
        "version" : "1.3.1"
      }
    },
    {
      "identity" : "swift-crypto",
      "kind" : "remoteSourceControl",
      "location" : "https://github.com/apple/swift-crypto.git",
      "state" : {
        "revision" : "f2f3774fd116a305136b6866e5e7cb7dff39d8f2",
        "version" : "3.10.1"
      }
    },
    {
      "identity" : "swift-syntax",
      "kind" : "remoteSourceControl",
      "location" : "https://github.com/apple/swift-syntax.git",
      "state" : {
        "revision" : "64889f0c732f210a935a0ad7cda38f77f876262d",
        "version" : "509.1.1"
      }
    },
    {
      "identity" : "swifter",
      "kind" : "remoteSourceControl",
      "location" : "https://github.com/httpswift/swifter.git",
      "state" : {
        "revision" : "9483a5d459b45c3ffd059f7b55f9638e268632fd",
        "version" : "1.5.0"
      }
    },
    {
      "identity" : "swiftsoup",
      "kind" : "remoteSourceControl",
      "location" : "https://github.com/scinfu/SwiftSoup",
      "state" : {
        "revision" : "028487d4a8a291b2fe1b4392b5425b6172056148",
        "version" : "2.7.2"
      }
    },
    {
      "identity" : "sync_crypto",
      "kind" : "remoteSourceControl",
      "location" : "https://github.com/duckduckgo/sync_crypto",
      "state" : {
        "revision" : "cc726cebb67367466bc31ced4784e16d44ac68d1",
        "version" : "0.4.0"
      }
    },
    {
      "identity" : "trackerradarkit",
      "kind" : "remoteSourceControl",
      "location" : "https://github.com/duckduckgo/TrackerRadarKit",
      "state" : {
        "revision" : "5de0a610a7927b638a5fd463a53032c9934a2c3b",
        "version" : "3.0.0"
      }
    },
    {
      "identity" : "wireguard-apple",
      "kind" : "remoteSourceControl",
      "location" : "https://github.com/duckduckgo/wireguard-apple",
      "state" : {
        "revision" : "13fd026384b1af11048451061cc1b21434990668",
        "version" : "1.1.3"
      }
    },
    {
      "identity" : "zipfoundation",
      "kind" : "remoteSourceControl",
      "location" : "https://github.com/weichsel/ZIPFoundation.git",
      "state" : {
        "revision" : "02b6abe5f6eef7e3cbd5f247c5cc24e246efcfe0",
        "version" : "0.9.19"
      }
    }
  ],
  "version" : 2
}
