{
  "pins" : [
    {
      "identity" : "apple-toolbox",
      "kind" : "remoteSourceControl",
      "location" : "https://github.com/duckduckgo/apple-toolbox.git",
      "state" : {
        "revision" : "0c13c5f056805f2d403618ccc3bfb833c303c68d",
        "version" : "3.1.2"
      }
    },
    {
      "identity" : "designresourceskit",
      "kind" : "remoteSourceControl",
      "location" : "https://github.com/duckduckgo/DesignResourcesKit",
      "state" : {
        "revision" : "ae83941bb277a2750abc2d6697fa278f8c8c5f5e",
        "version" : "3.0.0"
      }
    },
    {
      "identity" : "swift-argument-parser",
      "kind" : "remoteSourceControl",
      "location" : "https://github.com/apple/swift-argument-parser",
      "state" : {
        "revision" : "0fbc8848e389af3bb55c182bc19ca9d5dc2f255b",
        "version" : "1.4.0"
      }
    },
    {
      "identity" : "swift-syntax",
      "kind" : "remoteSourceControl",
      "location" : "https://github.com/apple/swift-syntax.git",
      "state" : {
        "revision" : "64889f0c732f210a935a0ad7cda38f77f876262d",
        "version" : "509.1.1"
      }
    }
  ],
  "version" : 2
}
