{
  "object": {
    "pins": [
      {
        "package": "AppleToolbox",
        "repositoryURL": "https://github.com/duckduckgo/apple-toolbox.git",
        "state": {
          "branch": null,
          "revision": "ab53ca41e9044a20eab7e53249526fadcf9acc9f",
          "version": "3.1.1"
        }
      },
      {
        "package": "DesignResourcesKit",
        "repositoryURL": "https://github.com/duckduckgo/DesignResourcesKit",
        "state": {
          "branch": null,
          "revision": "ae83941bb277a2750abc2d6697fa278f8c8c5f5e",
          "version": "3.0.0"
        }
      },
      {
        "package": "swift-argument-parser",
        "repositoryURL": "https://github.com/apple/swift-argument-parser",
        "state": {
          "branch": null,
          "revision": "46989693916f56d1186bd59ac15124caef896560",
          "version": "1.3.1"
        }
      },
      {
        "package": "swift-syntax",
        "repositoryURL": "https://github.com/apple/swift-syntax.git",
        "state": {
          "branch": null,
          "revision": "64889f0c732f210a935a0ad7cda38f77f876262d",
          "version": "509.1.1"
        }
      }
    ]
  },
  "version": 1
}
